{
  "name": "dir",
  "version": "1.0.0",
  "lockfileVersion": 2,
  "requires": true,
  "packages": {
    "": {
      "name": "dir",
      "version": "1.0.0",
      "license": "ISC",
      "devDependencies": {
        "three": "^0.152.2"
      }
    },
    "node_modules/three": {
      "version": "0.152.2",
      "resolved": "https://registry.npmjs.org/three/-/three-0.152.2.tgz",
      "integrity": "sha512-Ff9zIpSfkkqcBcpdiFo2f35vA9ZucO+N8TNacJOqaEE6DrB0eufItVMib8bK8Pcju/ZNT6a7blE1GhTpkdsILw==",
      "dev": true
    }
  },
  "dependencies": {
    "three": {
      "version": "0.152.2",
      "resolved": "https://registry.npmjs.org/three/-/three-0.152.2.tgz",
      "integrity": "sha512-Ff9zIpSfkkqcBcpdiFo2f35vA9ZucO+N8TNacJOqaEE6DrB0eufItVMib8bK8Pcju/ZNT6a7blE1GhTpkdsILw==",
      "dev": true
    }
  }
}
